
Microsoft Visual Studio Solution File, Format Version 12.00
# Visual Studio Version 17
VisualStudioVersion = 17.5.002.0
MinimumVisualStudioVersion = 10.0.40219.1
Project("{2150E333-8FDC-42A3-9474-1A3956D46DE8}") = "kafka", "kafka", "{73C03A3E-CB2B-4AE4-92B3-3069A66E267D}"
EndProject
Project("{2150E333-8FDC-42A3-9474-1A3956D46DE8}") = "getting-started", "getting-started", "{A7D36C4D-C585-45DA-9A75-7ED10F6FB822}"
EndProject
Project("{9A19103F-16F7-4668-BE54-9A1E7A4F7556}") = "Consumer", "kafka\getting-started\Consumer\Consumer.csproj", "{D9A8F1E2-4AB3-4ABD-B5C4-634C60D63FEB}"
EndProject
Project("{9A19103F-16F7-4668-BE54-9A1E7A4F7556}") = "Producer", "kafka\getting-started\Producer\Producer.csproj", "{B06FD399-BFE1-4C4B-A677-D4ECCAC39038}"
EndProject
Project("{2150E333-8FDC-42A3-9474-1A3956D46DE8}") = "mass-transit", "mass-transit", "{CECF58CF-0523-4CA0-B812-C2EC9E3328BF}"
EndProject
Project("{2150E333-8FDC-42A3-9474-1A3956D46DE8}") = "labs", "labs", "{ACFBE571-CBD2-4F7C-ADB4-C3847B54C3B0}"
EndProject
Project("{9A19103F-16F7-4668-BE54-9A1E7A4F7556}") = "MassTransitApi", "mass-transit\labs\01-api-integration\MassTransitApi.csproj", "{444C6612-E027-4B6D-823E-C9A3429FCEDF}"
EndProject
Project("{2150E333-8FDC-42A3-9474-1A3956D46DE8}") = "getting-started", "getting-started", "{06022641-9998-4D39-8295-40A413DF9CAF}"
EndProject
Project("{2150E333-8FDC-42A3-9474-1A3956D46DE8}") = "01-in-memory", "01-in-memory", "{3BA04FD7-2B75-409C-9FB6-B3F461EB0D4F}"
EndProject
Project("{9A19103F-16F7-4668-BE54-9A1E7A4F7556}") = "InMemoryWorker", "mass-transit\getting-started\01-in-memory\InMemoryWorker\InMemoryWorker.csproj", "{9ED17DF3-CA06-442B-A083-286C833AE491}"
EndProject
Project("{2150E333-8FDC-42A3-9474-1A3956D46DE8}") = "02-rabbitmq", "02-rabbitmq", "{5D2A8528-4DAE-46CC-BE1E-2CE6D1ECC163}"
EndProject
Project("{9A19103F-16F7-4668-BE54-9A1E7A4F7556}") = "RabbitWorker", "mass-transit\getting-started\02-rabbitmq\RabbitWorker\RabbitWorker.csproj", "{4A2E7A20-CF9F-4BC3-9123-98CC93BF4587}"
EndProject
Project("{2150E333-8FDC-42A3-9474-1A3956D46DE8}") = "03-azure-service-bus", "03-azure-service-bus", "{FEA27B21-1C7A-4AEE-B69D-EFEAC93F99ED}"
EndProject
Project("{9A19103F-16F7-4668-BE54-9A1E7A4F7556}") = "AsbWorker", "mass-transit\getting-started\03-azure-service-bus\AsbWorker\AsbWorker.csproj", "{34DD87C8-9118-444F-9649-B95213D08606}"
EndProject
Project("{2150E333-8FDC-42A3-9474-1A3956D46DE8}") = "04-postgresql", "04-postgresql", "{6FF10C8F-667A-47ED-AB72-7A895368AD2C}"
EndProject
Project("{9A19103F-16F7-4668-BE54-9A1E7A4F7556}") = "SqlWorker", "mass-transit\getting-started\04-postgresql\SqlWorker\SqlWorker.csproj", "{91B0EBBE-9AF7-44B8-B28C-1C4C8C377214}"
EndProject
Project("{2150E333-8FDC-42A3-9474-1A3956D46DE8}") = "rabbitmq", "rabbitmq", "{6D86DB7D-8244-4FD9-8418-0C5422024E99}"
EndProject
Project("{2150E333-8FDC-42A3-9474-1A3956D46DE8}") = "getting-started", "getting-started", "{F16DF5B6-23A8-4B58-A8DD-4D9C64A58C2E}"
EndProject
Project("{2150E333-8FDC-42A3-9474-1A3956D46DE8}") = "01-helloworld", "01-helloworld", "{4C31B97A-4FCB-4CA2-9488-72841127DC4D}"
EndProject
Project("{9A19103F-16F7-4668-BE54-9A1E7A4F7556}") = "Receive", "rabbitmq\getting-started\01-helloworld\Receive\Receive.csproj", "{7BD8544D-2685-4806-96B3-2F2B89CC0536}"
EndProject
Project("{9A19103F-16F7-4668-BE54-9A1E7A4F7556}") = "Send", "rabbitmq\getting-started\01-helloworld\Send\Send.csproj", "{A49AC54D-FBF8-43B2-A0E9-D2FE855308E4}"
EndProject
Project("{2150E333-8FDC-42A3-9474-1A3956D46DE8}") = "02-work-queues", "02-work-queues", "{782C6A20-6F58-43FD-AF24-ED9408F94D50}"
EndProject
Project("{9A19103F-16F7-4668-BE54-9A1E7A4F7556}") = "NewTask", "rabbitmq\getting-started\02-work-queues\NewTask\NewTask.csproj", "{21342BF9-F3B6-4B1A-B195-81DEFA6C996A}"
EndProject
Project("{9A19103F-16F7-4668-BE54-9A1E7A4F7556}") = "Worker", "rabbitmq\getting-started\02-work-queues\Worker\Worker.csproj", "{EF76368D-2D0B-4DF8-9BE8-EB738A960673}"
EndProject
Project("{2150E333-8FDC-42A3-9474-1A3956D46DE8}") = "03-publish-subscribe", "03-publish-subscribe", "{43D2D8D3-03B2-4CB1-A7CC-BCD677C078D6}"
EndProject
Project("{9A19103F-16F7-4668-BE54-9A1E7A4F7556}") = "EmitLog", "rabbitmq\getting-started\03-publish-subscribe\EmitLog\EmitLog.csproj", "{8DEE29E0-FABC-4777-813D-372C2E9BDC22}"
EndProject
Project("{9A19103F-16F7-4668-BE54-9A1E7A4F7556}") = "ReceiveLog", "rabbitmq\getting-started\03-publish-subscribe\ReceiveLog\ReceiveLog.csproj", "{D65CFF92-381A-4DBA-9A68-21D496B333D6}"
EndProject
Project("{2150E333-8FDC-42A3-9474-1A3956D46DE8}") = "04-routing", "04-routing", "{6E218088-461E-43D2-BA8A-B6A4C6EFD047}"
EndProject
Project("{9A19103F-16F7-4668-BE54-9A1E7A4F7556}") = "DirectEmit", "rabbitmq\getting-started\04-routing\DirectEmit\DirectEmit.csproj", "{78EBC86A-E841-4711-A480-4E201888DBD9}"
EndProject
Project("{9A19103F-16F7-4668-BE54-9A1E7A4F7556}") = "DirectReceive", "rabbitmq\getting-started\04-routing\DirectReceive\DirectReceive.csproj", "{D8EB3984-DD8E-44AE-85CA-6C51E694F50C}"
EndProject
Project("{2150E333-8FDC-42A3-9474-1A3956D46DE8}") = "05-topics", "05-topics", "{671FA0EA-61F1-46EC-B70B-19BAE969A4E8}"
EndProject
Project("{9A19103F-16F7-4668-BE54-9A1E7A4F7556}") = "EmitTopic", "rabbitmq\getting-started\05-topics\EmitTopic\EmitTopic.csproj", "{22A77241-04FE-4AAF-959E-9D95930333EC}"
EndProject
Project("{9A19103F-16F7-4668-BE54-9A1E7A4F7556}") = "ReceiveTopic", "rabbitmq\getting-started\05-topics\ReceiveTopic\ReceiveTopic.csproj", "{E88B4B0F-3CB2-4937-8C3F-52C424FA7CB4}"
EndProject
Project("{2150E333-8FDC-42A3-9474-1A3956D46DE8}") = "06-remote-procedure-call", "06-remote-procedure-call", "{E592DB99-0C16-4F83-B325-3FF2AE34B1B9}"
EndProject
Project("{9A19103F-16F7-4668-BE54-9A1E7A4F7556}") = "Rpc.Client", "rabbitmq\getting-started\06-remote-procedure-call\Rpc.Client\Rpc.Client.csproj", "{08502F9E-7A16-400B-A50C-9CCC40834B69}"
EndProject
Project("{9A19103F-16F7-4668-BE54-9A1E7A4F7556}") = "Rpc.Server", "rabbitmq\getting-started\06-remote-procedure-call\Rpc.Server\Rpc.Server.csproj", "{3D264ABE-C363-4114-BC63-95CCA0FAF101}"
EndProject
Project("{2150E333-8FDC-42A3-9474-1A3956D46DE8}") = "07-publisher-confirms", "07-publisher-confirms", "{B158849A-1B8C-4A0A-B905-86FB29B95A27}"
EndProject
Project("{9A19103F-16F7-4668-BE54-9A1E7A4F7556}") = "PublisherConfirms", "rabbitmq\getting-started\07-publisher-confirms\PublisherConfirms\PublisherConfirms.csproj", "{9222E2A1-A735-4E43-9696-ABF92BBD147D}"
EndProject
Global
	GlobalSection(SolutionConfigurationPlatforms) = preSolution
		Debug|Any CPU = Debug|Any CPU
		Release|Any CPU = Release|Any CPU
	EndGlobalSection
	GlobalSection(ProjectConfigurationPlatforms) = postSolution
		{D9A8F1E2-4AB3-4ABD-B5C4-634C60D63FEB}.Debug|Any CPU.ActiveCfg = Debug|Any CPU
		{D9A8F1E2-4AB3-4ABD-B5C4-634C60D63FEB}.Debug|Any CPU.Build.0 = Debug|Any CPU
		{D9A8F1E2-4AB3-4ABD-B5C4-634C60D63FEB}.Release|Any CPU.ActiveCfg = Release|Any CPU
		{D9A8F1E2-4AB3-4ABD-B5C4-634C60D63FEB}.Release|Any CPU.Build.0 = Release|Any CPU
		{B06FD399-BFE1-4C4B-A677-D4ECCAC39038}.Debug|Any CPU.ActiveCfg = Debug|Any CPU
		{B06FD399-BFE1-4C4B-A677-D4ECCAC39038}.Debug|Any CPU.Build.0 = Debug|Any CPU
		{B06FD399-BFE1-4C4B-A677-D4ECCAC39038}.Release|Any CPU.ActiveCfg = Release|Any CPU
		{B06FD399-BFE1-4C4B-A677-D4ECCAC39038}.Release|Any CPU.Build.0 = Release|Any CPU
		{444C6612-E027-4B6D-823E-C9A3429FCEDF}.Debug|Any CPU.ActiveCfg = Debug|Any CPU
		{444C6612-E027-4B6D-823E-C9A3429FCEDF}.Debug|Any CPU.Build.0 = Debug|Any CPU
		{444C6612-E027-4B6D-823E-C9A3429FCEDF}.Release|Any CPU.ActiveCfg = Release|Any CPU
		{444C6612-E027-4B6D-823E-C9A3429FCEDF}.Release|Any CPU.Build.0 = Release|Any CPU
		{9ED17DF3-CA06-442B-A083-286C833AE491}.Debug|Any CPU.ActiveCfg = Debug|Any CPU
		{9ED17DF3-CA06-442B-A083-286C833AE491}.Debug|Any CPU.Build.0 = Debug|Any CPU
		{9ED17DF3-CA06-442B-A083-286C833AE491}.Release|Any CPU.ActiveCfg = Release|Any CPU
		{9ED17DF3-CA06-442B-A083-286C833AE491}.Release|Any CPU.Build.0 = Release|Any CPU
		{4A2E7A20-CF9F-4BC3-9123-98CC93BF4587}.Debug|Any CPU.ActiveCfg = Debug|Any CPU
		{4A2E7A20-CF9F-4BC3-9123-98CC93BF4587}.Debug|Any CPU.Build.0 = Debug|Any CPU
		{4A2E7A20-CF9F-4BC3-9123-98CC93BF4587}.Release|Any CPU.ActiveCfg = Release|Any CPU
		{4A2E7A20-CF9F-4BC3-9123-98CC93BF4587}.Release|Any CPU.Build.0 = Release|Any CPU
		{34DD87C8-9118-444F-9649-B95213D08606}.Debug|Any CPU.ActiveCfg = Debug|Any CPU
		{34DD87C8-9118-444F-9649-B95213D08606}.Debug|Any CPU.Build.0 = Debug|Any CPU
		{34DD87C8-9118-444F-9649-B95213D08606}.Release|Any CPU.ActiveCfg = Release|Any CPU
		{34DD87C8-9118-444F-9649-B95213D08606}.Release|Any CPU.Build.0 = Release|Any CPU
		{91B0EBBE-9AF7-44B8-B28C-1C4C8C377214}.Debug|Any CPU.ActiveCfg = Debug|Any CPU
		{91B0EBBE-9AF7-44B8-B28C-1C4C8C377214}.Debug|Any CPU.Build.0 = Debug|Any CPU
		{91B0EBBE-9AF7-44B8-B28C-1C4C8C377214}.Release|Any CPU.ActiveCfg = Release|Any CPU
		{91B0EBBE-9AF7-44B8-B28C-1C4C8C377214}.Release|Any CPU.Build.0 = Release|Any CPU
		{7BD8544D-2685-4806-96B3-2F2B89CC0536}.Debug|Any CPU.ActiveCfg = Debug|Any CPU
		{7BD8544D-2685-4806-96B3-2F2B89CC0536}.Debug|Any CPU.Build.0 = Debug|Any CPU
		{7BD8544D-2685-4806-96B3-2F2B89CC0536}.Release|Any CPU.ActiveCfg = Release|Any CPU
		{7BD8544D-2685-4806-96B3-2F2B89CC0536}.Release|Any CPU.Build.0 = Release|Any CPU
		{A49AC54D-FBF8-43B2-A0E9-D2FE855308E4}.Debug|Any CPU.ActiveCfg = Debug|Any CPU
		{A49AC54D-FBF8-43B2-A0E9-D2FE855308E4}.Debug|Any CPU.Build.0 = Debug|Any CPU
		{A49AC54D-FBF8-43B2-A0E9-D2FE855308E4}.Release|Any CPU.ActiveCfg = Release|Any CPU
		{A49AC54D-FBF8-43B2-A0E9-D2FE855308E4}.Release|Any CPU.Build.0 = Release|Any CPU
		{21342BF9-F3B6-4B1A-B195-81DEFA6C996A}.Debug|Any CPU.ActiveCfg = Debug|Any CPU
		{21342BF9-F3B6-4B1A-B195-81DEFA6C996A}.Debug|Any CPU.Build.0 = Debug|Any CPU
		{21342BF9-F3B6-4B1A-B195-81DEFA6C996A}.Release|Any CPU.ActiveCfg = Release|Any CPU
		{21342BF9-F3B6-4B1A-B195-81DEFA6C996A}.Release|Any CPU.Build.0 = Release|Any CPU
		{EF76368D-2D0B-4DF8-9BE8-EB738A960673}.Debug|Any CPU.ActiveCfg = Debug|Any CPU
		{EF76368D-2D0B-4DF8-9BE8-EB738A960673}.Debug|Any CPU.Build.0 = Debug|Any CPU
		{EF76368D-2D0B-4DF8-9BE8-EB738A960673}.Release|Any CPU.ActiveCfg = Release|Any CPU
		{EF76368D-2D0B-4DF8-9BE8-EB738A960673}.Release|Any CPU.Build.0 = Release|Any CPU
		{8DEE29E0-FABC-4777-813D-372C2E9BDC22}.Debug|Any CPU.ActiveCfg = Debug|Any CPU
		{8DEE29E0-FABC-4777-813D-372C2E9BDC22}.Debug|Any CPU.Build.0 = Debug|Any CPU
		{8DEE29E0-FABC-4777-813D-372C2E9BDC22}.Release|Any CPU.ActiveCfg = Release|Any CPU
		{8DEE29E0-FABC-4777-813D-372C2E9BDC22}.Release|Any CPU.Build.0 = Release|Any CPU
		{D65CFF92-381A-4DBA-9A68-21D496B333D6}.Debug|Any CPU.ActiveCfg = Debug|Any CPU
		{D65CFF92-381A-4DBA-9A68-21D496B333D6}.Debug|Any CPU.Build.0 = Debug|Any CPU
		{D65CFF92-381A-4DBA-9A68-21D496B333D6}.Release|Any CPU.ActiveCfg = Release|Any CPU
		{D65CFF92-381A-4DBA-9A68-21D496B333D6}.Release|Any CPU.Build.0 = Release|Any CPU
		{78EBC86A-E841-4711-A480-4E201888DBD9}.Debug|Any CPU.ActiveCfg = Debug|Any CPU
		{78EBC86A-E841-4711-A480-4E201888DBD9}.Debug|Any CPU.Build.0 = Debug|Any CPU
		{78EBC86A-E841-4711-A480-4E201888DBD9}.Release|Any CPU.ActiveCfg = Release|Any CPU
		{78EBC86A-E841-4711-A480-4E201888DBD9}.Release|Any CPU.Build.0 = Release|Any CPU
		{D8EB3984-DD8E-44AE-85CA-6C51E694F50C}.Debug|Any CPU.ActiveCfg = Debug|Any CPU
		{D8EB3984-DD8E-44AE-85CA-6C51E694F50C}.Debug|Any CPU.Build.0 = Debug|Any CPU
		{D8EB3984-DD8E-44AE-85CA-6C51E694F50C}.Release|Any CPU.ActiveCfg = Release|Any CPU
		{D8EB3984-DD8E-44AE-85CA-6C51E694F50C}.Release|Any CPU.Build.0 = Release|Any CPU
		{22A77241-04FE-4AAF-959E-9D95930333EC}.Debug|Any CPU.ActiveCfg = Debug|Any CPU
		{22A77241-04FE-4AAF-959E-9D95930333EC}.Debug|Any CPU.Build.0 = Debug|Any CPU
		{22A77241-04FE-4AAF-959E-9D95930333EC}.Release|Any CPU.ActiveCfg = Release|Any CPU
		{22A77241-04FE-4AAF-959E-9D95930333EC}.Release|Any CPU.Build.0 = Release|Any CPU
		{E88B4B0F-3CB2-4937-8C3F-52C424FA7CB4}.Debug|Any CPU.ActiveCfg = Debug|Any CPU
		{E88B4B0F-3CB2-4937-8C3F-52C424FA7CB4}.Debug|Any CPU.Build.0 = Debug|Any CPU
		{E88B4B0F-3CB2-4937-8C3F-52C424FA7CB4}.Release|Any CPU.ActiveCfg = Release|Any CPU
		{E88B4B0F-3CB2-4937-8C3F-52C424FA7CB4}.Release|Any CPU.Build.0 = Release|Any CPU
		{08502F9E-7A16-400B-A50C-9CCC40834B69}.Debug|Any CPU.ActiveCfg = Debug|Any CPU
		{08502F9E-7A16-400B-A50C-9CCC40834B69}.Debug|Any CPU.Build.0 = Debug|Any CPU
		{08502F9E-7A16-400B-A50C-9CCC40834B69}.Release|Any CPU.ActiveCfg = Release|Any CPU
		{08502F9E-7A16-400B-A50C-9CCC40834B69}.Release|Any CPU.Build.0 = Release|Any CPU
		{3D264ABE-C363-4114-BC63-95CCA0FAF101}.Debug|Any CPU.ActiveCfg = Debug|Any CPU
		{3D264ABE-C363-4114-BC63-95CCA0FAF101}.Debug|Any CPU.Build.0 = Debug|Any CPU
		{3D264ABE-C363-4114-BC63-95CCA0FAF101}.Release|Any CPU.ActiveCfg = Release|Any CPU
		{3D264ABE-C363-4114-BC63-95CCA0FAF101}.Release|Any CPU.Build.0 = Release|Any CPU
		{9222E2A1-A735-4E43-9696-ABF92BBD147D}.Debug|Any CPU.ActiveCfg = Debug|Any CPU
		{9222E2A1-A735-4E43-9696-ABF92BBD147D}.Debug|Any CPU.Build.0 = Debug|Any CPU
		{9222E2A1-A735-4E43-9696-ABF92BBD147D}.Release|Any CPU.ActiveCfg = Release|Any CPU
		{9222E2A1-A735-4E43-9696-ABF92BBD147D}.Release|Any CPU.Build.0 = Release|Any CPU
	EndGlobalSection
	GlobalSection(SolutionProperties) = preSolution
		HideSolutionNode = FALSE
	EndGlobalSection
	GlobalSection(NestedProjects) = preSolution
		{A7D36C4D-C585-45DA-9A75-7ED10F6FB822} = {73C03A3E-CB2B-4AE4-92B3-3069A66E267D}
		{D9A8F1E2-4AB3-4ABD-B5C4-634C60D63FEB} = {A7D36C4D-C585-45DA-9A75-7ED10F6FB822}
		{B06FD399-BFE1-4C4B-A677-D4ECCAC39038} = {A7D36C4D-C585-45DA-9A75-7ED10F6FB822}
		{ACFBE571-CBD2-4F7C-ADB4-C3847B54C3B0} = {CECF58CF-0523-4CA0-B812-C2EC9E3328BF}
		{444C6612-E027-4B6D-823E-C9A3429FCEDF} = {ACFBE571-CBD2-4F7C-ADB4-C3847B54C3B0}
		{06022641-9998-4D39-8295-40A413DF9CAF} = {CECF58CF-0523-4CA0-B812-C2EC9E3328BF}
		{3BA04FD7-2B75-409C-9FB6-B3F461EB0D4F} = {06022641-9998-4D39-8295-40A413DF9CAF}
		{9ED17DF3-CA06-442B-A083-286C833AE491} = {3BA04FD7-2B75-409C-9FB6-B3F461EB0D4F}
		{5D2A8528-4DAE-46CC-BE1E-2CE6D1ECC163} = {06022641-9998-4D39-8295-40A413DF9CAF}
		{4A2E7A20-CF9F-4BC3-9123-98CC93BF4587} = {5D2A8528-4DAE-46CC-BE1E-2CE6D1ECC163}
		{FEA27B21-1C7A-4AEE-B69D-EFEAC93F99ED} = {06022641-9998-4D39-8295-40A413DF9CAF}
		{34DD87C8-9118-444F-9649-B95213D08606} = {FEA27B21-1C7A-4AEE-B69D-EFEAC93F99ED}
		{6FF10C8F-667A-47ED-AB72-7A895368AD2C} = {06022641-9998-4D39-8295-40A413DF9CAF}
		{91B0EBBE-9AF7-44B8-B28C-1C4C8C377214} = {6FF10C8F-667A-47ED-AB72-7A895368AD2C}
		{F16DF5B6-23A8-4B58-A8DD-4D9C64A58C2E} = {6D86DB7D-8244-4FD9-8418-0C5422024E99}
		{4C31B97A-4FCB-4CA2-9488-72841127DC4D} = {F16DF5B6-23A8-4B58-A8DD-4D9C64A58C2E}
		{7BD8544D-2685-4806-96B3-2F2B89CC0536} = {4C31B97A-4FCB-4CA2-9488-72841127DC4D}
		{A49AC54D-FBF8-43B2-A0E9-D2FE855308E4} = {4C31B97A-4FCB-4CA2-9488-72841127DC4D}
		{782C6A20-6F58-43FD-AF24-ED9408F94D50} = {F16DF5B6-23A8-4B58-A8DD-4D9C64A58C2E}
		{21342BF9-F3B6-4B1A-B195-81DEFA6C996A} = {782C6A20-6F58-43FD-AF24-ED9408F94D50}
		{EF76368D-2D0B-4DF8-9BE8-EB738A960673} = {782C6A20-6F58-43FD-AF24-ED9408F94D50}
		{43D2D8D3-03B2-4CB1-A7CC-BCD677C078D6} = {F16DF5B6-23A8-4B58-A8DD-4D9C64A58C2E}
		{8DEE29E0-FABC-4777-813D-372C2E9BDC22} = {43D2D8D3-03B2-4CB1-A7CC-BCD677C078D6}
		{D65CFF92-381A-4DBA-9A68-21D496B333D6} = {43D2D8D3-03B2-4CB1-A7CC-BCD677C078D6}
		{6E218088-461E-43D2-BA8A-B6A4C6EFD047} = {F16DF5B6-23A8-4B58-A8DD-4D9C64A58C2E}
		{78EBC86A-E841-4711-A480-4E201888DBD9} = {6E218088-461E-43D2-BA8A-B6A4C6EFD047}
		{D8EB3984-DD8E-44AE-85CA-6C51E694F50C} = {6E218088-461E-43D2-BA8A-B6A4C6EFD047}
		{671FA0EA-61F1-46EC-B70B-19BAE969A4E8} = {F16DF5B6-23A8-4B58-A8DD-4D9C64A58C2E}
		{22A77241-04FE-4AAF-959E-9D95930333EC} = {671FA0EA-61F1-46EC-B70B-19BAE969A4E8}
		{E88B4B0F-3CB2-4937-8C3F-52C424FA7CB4} = {671FA0EA-61F1-46EC-B70B-19BAE969A4E8}
		{E592DB99-0C16-4F83-B325-3FF2AE34B1B9} = {F16DF5B6-23A8-4B58-A8DD-4D9C64A58C2E}
		{08502F9E-7A16-400B-A50C-9CCC40834B69} = {E592DB99-0C16-4F83-B325-3FF2AE34B1B9}
		{3D264ABE-C363-4114-BC63-95CCA0FAF101} = {E592DB99-0C16-4F83-B325-3FF2AE34B1B9}
		{B158849A-1B8C-4A0A-B905-86FB29B95A27} = {F16DF5B6-23A8-4B58-A8DD-4D9C64A58C2E}
		{9222E2A1-A735-4E43-9696-ABF92BBD147D} = {B158849A-1B8C-4A0A-B905-86FB29B95A27}
	EndGlobalSection
	GlobalSection(ExtensibilityGlobals) = postSolution
		SolutionGuid = {0AD21874-F261-4804-BAB9-5849903B81AD}
	EndGlobalSection
EndGlobal
