
Microsoft Visual Studio Solution File, Format Version 12.00
# Visual Studio Version 17
VisualStudioVersion = 17.5.002.0
MinimumVisualStudioVersion = 10.0.40219.1
Project("{2150E333-8FDC-42A3-9474-1A3956D46DE8}") = "rabbitmq", "rabbitmq", "{3DA44C95-0E9F-4CC0-82CE-A584AE9EDD36}"
EndProject
Project("{2150E333-8FDC-42A3-9474-1A3956D46DE8}") = "getting-started", "getting-started", "{B1D37807-6A11-496A-83C9-B99667078717}"
EndProject
Project("{2150E333-8FDC-42A3-9474-1A3956D46DE8}") = "01-helloworld", "01-helloworld", "{7DC18DD1-73E5-45AF-B820-97E905B142B9}"
EndProject
Project("{9A19103F-16F7-4668-BE54-9A1E7A4F7556}") = "Receive", "rabbitmq\getting-started\01-helloworld\Receive\Receive.csproj", "{10FC2F85-AD80-4548-9DEE-183E0EE45ACB}"
EndProject
Project("{9A19103F-16F7-4668-BE54-9A1E7A4F7556}") = "Send", "rabbitmq\getting-started\01-helloworld\Send\Send.csproj", "{121337DB-D2EF-45A5-B267-02CD154BA8BB}"
EndProject
Project("{2150E333-8FDC-42A3-9474-1A3956D46DE8}") = "02-work-queues", "02-work-queues", "{15E230B8-7DC6-4931-B4C8-20FC6C81135E}"
EndProject
Project("{9A19103F-16F7-4668-BE54-9A1E7A4F7556}") = "NewTask", "rabbitmq\getting-started\02-work-queues\NewTask\NewTask.csproj", "{B54D280D-455D-48DA-826D-85BEC29548DF}"
EndProject
Project("{9A19103F-16F7-4668-BE54-9A1E7A4F7556}") = "Worker", "rabbitmq\getting-started\02-work-queues\Worker\Worker.csproj", "{24AE3355-A77C-4845-AB99-095526C8B7DC}"
EndProject
Project("{2150E333-8FDC-42A3-9474-1A3956D46DE8}") = "03-publish-subscribe", "03-publish-subscribe", "{99E9F9CF-35B8-4955-9FF5-333885DE0CB2}"
EndProject
Project("{9A19103F-16F7-4668-BE54-9A1E7A4F7556}") = "EmitLog", "rabbitmq\getting-started\03-publish-subscribe\EmitLog\EmitLog.csproj", "{0B6A1868-9DDB-47FC-AC55-F0ABD399833C}"
EndProject
Project("{9A19103F-16F7-4668-BE54-9A1E7A4F7556}") = "ReceiveLog", "rabbitmq\getting-started\03-publish-subscribe\ReceiveLog\ReceiveLog.csproj", "{AF18BD2D-5AA2-47B7-90C3-BBD0BB7A3F14}"
EndProject
Global
	GlobalSection(SolutionConfigurationPlatforms) = preSolution
		Debug|Any CPU = Debug|Any CPU
		Release|Any CPU = Release|Any CPU
	EndGlobalSection
	GlobalSection(ProjectConfigurationPlatforms) = postSolution
		{10FC2F85-AD80-4548-9DEE-183E0EE45ACB}.Debug|Any CPU.ActiveCfg = Debug|Any CPU
		{10FC2F85-AD80-4548-9DEE-183E0EE45ACB}.Debug|Any CPU.Build.0 = Debug|Any CPU
		{10FC2F85-AD80-4548-9DEE-183E0EE45ACB}.Release|Any CPU.ActiveCfg = Release|Any CPU
		{10FC2F85-AD80-4548-9DEE-183E0EE45ACB}.Release|Any CPU.Build.0 = Release|Any CPU
		{121337DB-D2EF-45A5-B267-02CD154BA8BB}.Debug|Any CPU.ActiveCfg = Debug|Any CPU
		{121337DB-D2EF-45A5-B267-02CD154BA8BB}.Debug|Any CPU.Build.0 = Debug|Any CPU
		{121337DB-D2EF-45A5-B267-02CD154BA8BB}.Release|Any CPU.ActiveCfg = Release|Any CPU
		{121337DB-D2EF-45A5-B267-02CD154BA8BB}.Release|Any CPU.Build.0 = Release|Any CPU
		{B54D280D-455D-48DA-826D-85BEC29548DF}.Debug|Any CPU.ActiveCfg = Debug|Any CPU
		{B54D280D-455D-48DA-826D-85BEC29548DF}.Debug|Any CPU.Build.0 = Debug|Any CPU
		{B54D280D-455D-48DA-826D-85BEC29548DF}.Release|Any CPU.ActiveCfg = Release|Any CPU
		{B54D280D-455D-48DA-826D-85BEC29548DF}.Release|Any CPU.Build.0 = Release|Any CPU
		{24AE3355-A77C-4845-AB99-095526C8B7DC}.Debug|Any CPU.ActiveCfg = Debug|Any CPU
		{24AE3355-A77C-4845-AB99-095526C8B7DC}.Debug|Any CPU.Build.0 = Debug|Any CPU
		{24AE3355-A77C-4845-AB99-095526C8B7DC}.Release|Any CPU.ActiveCfg = Release|Any CPU
		{24AE3355-A77C-4845-AB99-095526C8B7DC}.Release|Any CPU.Build.0 = Release|Any CPU
		{0B6A1868-9DDB-47FC-AC55-F0ABD399833C}.Debug|Any CPU.ActiveCfg = Debug|Any CPU
		{0B6A1868-9DDB-47FC-AC55-F0ABD399833C}.Debug|Any CPU.Build.0 = Debug|Any CPU
		{0B6A1868-9DDB-47FC-AC55-F0ABD399833C}.Release|Any CPU.ActiveCfg = Release|Any CPU
		{0B6A1868-9DDB-47FC-AC55-F0ABD399833C}.Release|Any CPU.Build.0 = Release|Any CPU
		{AF18BD2D-5AA2-47B7-90C3-BBD0BB7A3F14}.Debug|Any CPU.ActiveCfg = Debug|Any CPU
		{AF18BD2D-5AA2-47B7-90C3-BBD0BB7A3F14}.Debug|Any CPU.Build.0 = Debug|Any CPU
		{AF18BD2D-5AA2-47B7-90C3-BBD0BB7A3F14}.Release|Any CPU.ActiveCfg = Release|Any CPU
		{AF18BD2D-5AA2-47B7-90C3-BBD0BB7A3F14}.Release|Any CPU.Build.0 = Release|Any CPU
	EndGlobalSection
	GlobalSection(SolutionProperties) = preSolution
		HideSolutionNode = FALSE
	EndGlobalSection
	GlobalSection(NestedProjects) = preSolution
		{B1D37807-6A11-496A-83C9-B99667078717} = {3DA44C95-0E9F-4CC0-82CE-A584AE9EDD36}
		{7DC18DD1-73E5-45AF-B820-97E905B142B9} = {B1D37807-6A11-496A-83C9-B99667078717}
		{10FC2F85-AD80-4548-9DEE-183E0EE45ACB} = {7DC18DD1-73E5-45AF-B820-97E905B142B9}
		{121337DB-D2EF-45A5-B267-02CD154BA8BB} = {7DC18DD1-73E5-45AF-B820-97E905B142B9}
		{15E230B8-7DC6-4931-B4C8-20FC6C81135E} = {B1D37807-6A11-496A-83C9-B99667078717}
		{B54D280D-455D-48DA-826D-85BEC29548DF} = {15E230B8-7DC6-4931-B4C8-20FC6C81135E}
		{24AE3355-A77C-4845-AB99-095526C8B7DC} = {15E230B8-7DC6-4931-B4C8-20FC6C81135E}
		{99E9F9CF-35B8-4955-9FF5-333885DE0CB2} = {B1D37807-6A11-496A-83C9-B99667078717}
		{0B6A1868-9DDB-47FC-AC55-F0ABD399833C} = {99E9F9CF-35B8-4955-9FF5-333885DE0CB2}
		{AF18BD2D-5AA2-47B7-90C3-BBD0BB7A3F14} = {99E9F9CF-35B8-4955-9FF5-333885DE0CB2}
	EndGlobalSection
	GlobalSection(ExtensibilityGlobals) = postSolution
		SolutionGuid = {FC4B8423-7F08-4883-A87C-0CA7748D86C2}
	EndGlobalSection
EndGlobal
