
Microsoft Visual Studio Solution File, Format Version 12.00
# Visual Studio Version 17
VisualStudioVersion = 17.5.002.0
MinimumVisualStudioVersion = 10.0.40219.1
Project("{2150E333-8FDC-42A3-9474-1A3956D46DE8}") = "kafka", "kafka", "{0D92A44E-9FE3-4A65-A42B-2AC28C9152F1}"
EndProject
Project("{2150E333-8FDC-42A3-9474-1A3956D46DE8}") = "getting-started", "getting-started", "{4F9769DB-F1DC-429D-93F8-A1485FF3C72A}"
EndProject
Project("{9A19103F-16F7-4668-BE54-9A1E7A4F7556}") = "Consumer", "kafka\getting-started\Consumer\Consumer.csproj", "{DD72802F-9ABC-455B-AD12-AF6B8C809AFA}"
EndProject
Project("{9A19103F-16F7-4668-BE54-9A1E7A4F7556}") = "Producer", "kafka\getting-started\Producer\Producer.csproj", "{3D5EC1E2-CF3F-4EAD-9D41-F1D2A10CB851}"
EndProject
Project("{2150E333-8FDC-42A3-9474-1A3956D46DE8}") = "rabbitmq", "rabbitmq", "{94049358-B2CE-4321-A6AF-E2390D9E5A32}"
EndProject
Project("{2150E333-8FDC-42A3-9474-1A3956D46DE8}") = "getting-started", "getting-started", "{852B7EA1-0E33-4EAA-8F30-E2B4C05B5F7E}"
EndProject
Project("{2150E333-8FDC-42A3-9474-1A3956D46DE8}") = "01-helloworld", "01-helloworld", "{C05CF205-DD24-4EBA-8FF0-0044E9A677AF}"
EndProject
Project("{9A19103F-16F7-4668-BE54-9A1E7A4F7556}") = "Receive", "rabbitmq\getting-started\01-helloworld\Receive\Receive.csproj", "{8EAA700B-1E6A-4983-AD4C-65F49787400A}"
EndProject
Project("{9A19103F-16F7-4668-BE54-9A1E7A4F7556}") = "Send", "rabbitmq\getting-started\01-helloworld\Send\Send.csproj", "{C655BD1F-46BE-4EA3-A30E-626DF1762B6F}"
EndProject
Project("{2150E333-8FDC-42A3-9474-1A3956D46DE8}") = "02-work-queues", "02-work-queues", "{0FDA294C-4D07-4AAC-A5FE-C8AA060E2337}"
EndProject
Project("{9A19103F-16F7-4668-BE54-9A1E7A4F7556}") = "NewTask", "rabbitmq\getting-started\02-work-queues\NewTask\NewTask.csproj", "{4BB243B1-9D8B-4BC0-A4B7-A4ED0EEEDB90}"
EndProject
Project("{9A19103F-16F7-4668-BE54-9A1E7A4F7556}") = "Worker", "rabbitmq\getting-started\02-work-queues\Worker\Worker.csproj", "{DC6217B3-39BA-4331-819C-D56C9EA5FCFB}"
EndProject
Project("{2150E333-8FDC-42A3-9474-1A3956D46DE8}") = "03-publish-subscribe", "03-publish-subscribe", "{866A54E3-D1D3-44B2-AE51-A06AE0638C47}"
EndProject
Project("{9A19103F-16F7-4668-BE54-9A1E7A4F7556}") = "EmitLog", "rabbitmq\getting-started\03-publish-subscribe\EmitLog\EmitLog.csproj", "{319E19FD-EF6A-47CA-8878-5DED17B18E03}"
EndProject
Project("{9A19103F-16F7-4668-BE54-9A1E7A4F7556}") = "ReceiveLog", "rabbitmq\getting-started\03-publish-subscribe\ReceiveLog\ReceiveLog.csproj", "{DCF7B233-26DF-4ECE-9695-97FFCD091E75}"
EndProject
Project("{2150E333-8FDC-42A3-9474-1A3956D46DE8}") = "04-routing", "04-routing", "{502DBB36-1F68-4B8B-9B44-FCA9071373A5}"
EndProject
Project("{9A19103F-16F7-4668-BE54-9A1E7A4F7556}") = "DirectEmit", "rabbitmq\getting-started\04-routing\DirectEmit\DirectEmit.csproj", "{65A2327A-D9BD-4AE4-A15A-33C4BD7114DA}"
EndProject
Project("{9A19103F-16F7-4668-BE54-9A1E7A4F7556}") = "DirectReceive", "rabbitmq\getting-started\04-routing\DirectReceive\DirectReceive.csproj", "{5FE88318-49FD-48F1-8377-06CF5A0C8716}"
EndProject
Project("{2150E333-8FDC-42A3-9474-1A3956D46DE8}") = "05-topics", "05-topics", "{47626FA3-F429-4DD1-9B2F-26397C7C069E}"
EndProject
Project("{9A19103F-16F7-4668-BE54-9A1E7A4F7556}") = "EmitTopic", "rabbitmq\getting-started\05-topics\EmitTopic\EmitTopic.csproj", "{45310F0C-8C23-421F-83BB-194FA8A5209A}"
EndProject
Project("{9A19103F-16F7-4668-BE54-9A1E7A4F7556}") = "ReceiveTopic", "rabbitmq\getting-started\05-topics\ReceiveTopic\ReceiveTopic.csproj", "{DE3E7AC8-F11E-438B-82AA-26832B5588A9}"
EndProject
Project("{2150E333-8FDC-42A3-9474-1A3956D46DE8}") = "06-remote-procedure-call", "06-remote-procedure-call", "{96D50CDD-FD16-42EC-8147-D23CA160A31C}"
EndProject
Project("{9A19103F-16F7-4668-BE54-9A1E7A4F7556}") = "Rpc.Client", "rabbitmq\getting-started\06-remote-procedure-call\Rpc.Client\Rpc.Client.csproj", "{5B2C4904-F6C2-4F2F-96BE-0137E9D24532}"
EndProject
Project("{9A19103F-16F7-4668-BE54-9A1E7A4F7556}") = "Rpc.Server", "rabbitmq\getting-started\06-remote-procedure-call\Rpc.Server\Rpc.Server.csproj", "{2070BCCD-E97B-424C-A73B-6C032CEB9E15}"
EndProject
Project("{2150E333-8FDC-42A3-9474-1A3956D46DE8}") = "07-publisher-confirms", "07-publisher-confirms", "{D9D17DC3-87CA-47BF-9945-E88DD79A0DC4}"
EndProject
Project("{9A19103F-16F7-4668-BE54-9A1E7A4F7556}") = "PublisherConfirms", "rabbitmq\getting-started\07-publisher-confirms\PublisherConfirms\PublisherConfirms.csproj", "{CB049239-6F7E-4004-B2CF-79B8F1004621}"
EndProject
Global
	GlobalSection(SolutionConfigurationPlatforms) = preSolution
		Debug|Any CPU = Debug|Any CPU
		Release|Any CPU = Release|Any CPU
	EndGlobalSection
	GlobalSection(ProjectConfigurationPlatforms) = postSolution
		{DD72802F-9ABC-455B-AD12-AF6B8C809AFA}.Debug|Any CPU.ActiveCfg = Debug|Any CPU
		{DD72802F-9ABC-455B-AD12-AF6B8C809AFA}.Debug|Any CPU.Build.0 = Debug|Any CPU
		{DD72802F-9ABC-455B-AD12-AF6B8C809AFA}.Release|Any CPU.ActiveCfg = Release|Any CPU
		{DD72802F-9ABC-455B-AD12-AF6B8C809AFA}.Release|Any CPU.Build.0 = Release|Any CPU
		{3D5EC1E2-CF3F-4EAD-9D41-F1D2A10CB851}.Debug|Any CPU.ActiveCfg = Debug|Any CPU
		{3D5EC1E2-CF3F-4EAD-9D41-F1D2A10CB851}.Debug|Any CPU.Build.0 = Debug|Any CPU
		{3D5EC1E2-CF3F-4EAD-9D41-F1D2A10CB851}.Release|Any CPU.ActiveCfg = Release|Any CPU
		{3D5EC1E2-CF3F-4EAD-9D41-F1D2A10CB851}.Release|Any CPU.Build.0 = Release|Any CPU
		{8EAA700B-1E6A-4983-AD4C-65F49787400A}.Debug|Any CPU.ActiveCfg = Debug|Any CPU
		{8EAA700B-1E6A-4983-AD4C-65F49787400A}.Debug|Any CPU.Build.0 = Debug|Any CPU
		{8EAA700B-1E6A-4983-AD4C-65F49787400A}.Release|Any CPU.ActiveCfg = Release|Any CPU
		{8EAA700B-1E6A-4983-AD4C-65F49787400A}.Release|Any CPU.Build.0 = Release|Any CPU
		{C655BD1F-46BE-4EA3-A30E-626DF1762B6F}.Debug|Any CPU.ActiveCfg = Debug|Any CPU
		{C655BD1F-46BE-4EA3-A30E-626DF1762B6F}.Debug|Any CPU.Build.0 = Debug|Any CPU
		{C655BD1F-46BE-4EA3-A30E-626DF1762B6F}.Release|Any CPU.ActiveCfg = Release|Any CPU
		{C655BD1F-46BE-4EA3-A30E-626DF1762B6F}.Release|Any CPU.Build.0 = Release|Any CPU
		{4BB243B1-9D8B-4BC0-A4B7-A4ED0EEEDB90}.Debug|Any CPU.ActiveCfg = Debug|Any CPU
		{4BB243B1-9D8B-4BC0-A4B7-A4ED0EEEDB90}.Debug|Any CPU.Build.0 = Debug|Any CPU
		{4BB243B1-9D8B-4BC0-A4B7-A4ED0EEEDB90}.Release|Any CPU.ActiveCfg = Release|Any CPU
		{4BB243B1-9D8B-4BC0-A4B7-A4ED0EEEDB90}.Release|Any CPU.Build.0 = Release|Any CPU
		{DC6217B3-39BA-4331-819C-D56C9EA5FCFB}.Debug|Any CPU.ActiveCfg = Debug|Any CPU
		{DC6217B3-39BA-4331-819C-D56C9EA5FCFB}.Debug|Any CPU.Build.0 = Debug|Any CPU
		{DC6217B3-39BA-4331-819C-D56C9EA5FCFB}.Release|Any CPU.ActiveCfg = Release|Any CPU
		{DC6217B3-39BA-4331-819C-D56C9EA5FCFB}.Release|Any CPU.Build.0 = Release|Any CPU
		{319E19FD-EF6A-47CA-8878-5DED17B18E03}.Debug|Any CPU.ActiveCfg = Debug|Any CPU
		{319E19FD-EF6A-47CA-8878-5DED17B18E03}.Debug|Any CPU.Build.0 = Debug|Any CPU
		{319E19FD-EF6A-47CA-8878-5DED17B18E03}.Release|Any CPU.ActiveCfg = Release|Any CPU
		{319E19FD-EF6A-47CA-8878-5DED17B18E03}.Release|Any CPU.Build.0 = Release|Any CPU
		{DCF7B233-26DF-4ECE-9695-97FFCD091E75}.Debug|Any CPU.ActiveCfg = Debug|Any CPU
		{DCF7B233-26DF-4ECE-9695-97FFCD091E75}.Debug|Any CPU.Build.0 = Debug|Any CPU
		{DCF7B233-26DF-4ECE-9695-97FFCD091E75}.Release|Any CPU.ActiveCfg = Release|Any CPU
		{DCF7B233-26DF-4ECE-9695-97FFCD091E75}.Release|Any CPU.Build.0 = Release|Any CPU
		{65A2327A-D9BD-4AE4-A15A-33C4BD7114DA}.Debug|Any CPU.ActiveCfg = Debug|Any CPU
		{65A2327A-D9BD-4AE4-A15A-33C4BD7114DA}.Debug|Any CPU.Build.0 = Debug|Any CPU
		{65A2327A-D9BD-4AE4-A15A-33C4BD7114DA}.Release|Any CPU.ActiveCfg = Release|Any CPU
		{65A2327A-D9BD-4AE4-A15A-33C4BD7114DA}.Release|Any CPU.Build.0 = Release|Any CPU
		{5FE88318-49FD-48F1-8377-06CF5A0C8716}.Debug|Any CPU.ActiveCfg = Debug|Any CPU
		{5FE88318-49FD-48F1-8377-06CF5A0C8716}.Debug|Any CPU.Build.0 = Debug|Any CPU
		{5FE88318-49FD-48F1-8377-06CF5A0C8716}.Release|Any CPU.ActiveCfg = Release|Any CPU
		{5FE88318-49FD-48F1-8377-06CF5A0C8716}.Release|Any CPU.Build.0 = Release|Any CPU
		{45310F0C-8C23-421F-83BB-194FA8A5209A}.Debug|Any CPU.ActiveCfg = Debug|Any CPU
		{45310F0C-8C23-421F-83BB-194FA8A5209A}.Debug|Any CPU.Build.0 = Debug|Any CPU
		{45310F0C-8C23-421F-83BB-194FA8A5209A}.Release|Any CPU.ActiveCfg = Release|Any CPU
		{45310F0C-8C23-421F-83BB-194FA8A5209A}.Release|Any CPU.Build.0 = Release|Any CPU
		{DE3E7AC8-F11E-438B-82AA-26832B5588A9}.Debug|Any CPU.ActiveCfg = Debug|Any CPU
		{DE3E7AC8-F11E-438B-82AA-26832B5588A9}.Debug|Any CPU.Build.0 = Debug|Any CPU
		{DE3E7AC8-F11E-438B-82AA-26832B5588A9}.Release|Any CPU.ActiveCfg = Release|Any CPU
		{DE3E7AC8-F11E-438B-82AA-26832B5588A9}.Release|Any CPU.Build.0 = Release|Any CPU
		{5B2C4904-F6C2-4F2F-96BE-0137E9D24532}.Debug|Any CPU.ActiveCfg = Debug|Any CPU
		{5B2C4904-F6C2-4F2F-96BE-0137E9D24532}.Debug|Any CPU.Build.0 = Debug|Any CPU
		{5B2C4904-F6C2-4F2F-96BE-0137E9D24532}.Release|Any CPU.ActiveCfg = Release|Any CPU
		{5B2C4904-F6C2-4F2F-96BE-0137E9D24532}.Release|Any CPU.Build.0 = Release|Any CPU
		{2070BCCD-E97B-424C-A73B-6C032CEB9E15}.Debug|Any CPU.ActiveCfg = Debug|Any CPU
		{2070BCCD-E97B-424C-A73B-6C032CEB9E15}.Debug|Any CPU.Build.0 = Debug|Any CPU
		{2070BCCD-E97B-424C-A73B-6C032CEB9E15}.Release|Any CPU.ActiveCfg = Release|Any CPU
		{2070BCCD-E97B-424C-A73B-6C032CEB9E15}.Release|Any CPU.Build.0 = Release|Any CPU
		{CB049239-6F7E-4004-B2CF-79B8F1004621}.Debug|Any CPU.ActiveCfg = Debug|Any CPU
		{CB049239-6F7E-4004-B2CF-79B8F1004621}.Debug|Any CPU.Build.0 = Debug|Any CPU
		{CB049239-6F7E-4004-B2CF-79B8F1004621}.Release|Any CPU.ActiveCfg = Release|Any CPU
		{CB049239-6F7E-4004-B2CF-79B8F1004621}.Release|Any CPU.Build.0 = Release|Any CPU
	EndGlobalSection
	GlobalSection(SolutionProperties) = preSolution
		HideSolutionNode = FALSE
	EndGlobalSection
	GlobalSection(NestedProjects) = preSolution
		{4F9769DB-F1DC-429D-93F8-A1485FF3C72A} = {0D92A44E-9FE3-4A65-A42B-2AC28C9152F1}
		{DD72802F-9ABC-455B-AD12-AF6B8C809AFA} = {4F9769DB-F1DC-429D-93F8-A1485FF3C72A}
		{3D5EC1E2-CF3F-4EAD-9D41-F1D2A10CB851} = {4F9769DB-F1DC-429D-93F8-A1485FF3C72A}
		{852B7EA1-0E33-4EAA-8F30-E2B4C05B5F7E} = {94049358-B2CE-4321-A6AF-E2390D9E5A32}
		{C05CF205-DD24-4EBA-8FF0-0044E9A677AF} = {852B7EA1-0E33-4EAA-8F30-E2B4C05B5F7E}
		{8EAA700B-1E6A-4983-AD4C-65F49787400A} = {C05CF205-DD24-4EBA-8FF0-0044E9A677AF}
		{C655BD1F-46BE-4EA3-A30E-626DF1762B6F} = {C05CF205-DD24-4EBA-8FF0-0044E9A677AF}
		{0FDA294C-4D07-4AAC-A5FE-C8AA060E2337} = {852B7EA1-0E33-4EAA-8F30-E2B4C05B5F7E}
		{4BB243B1-9D8B-4BC0-A4B7-A4ED0EEEDB90} = {0FDA294C-4D07-4AAC-A5FE-C8AA060E2337}
		{DC6217B3-39BA-4331-819C-D56C9EA5FCFB} = {0FDA294C-4D07-4AAC-A5FE-C8AA060E2337}
		{866A54E3-D1D3-44B2-AE51-A06AE0638C47} = {852B7EA1-0E33-4EAA-8F30-E2B4C05B5F7E}
		{319E19FD-EF6A-47CA-8878-5DED17B18E03} = {866A54E3-D1D3-44B2-AE51-A06AE0638C47}
		{DCF7B233-26DF-4ECE-9695-97FFCD091E75} = {866A54E3-D1D3-44B2-AE51-A06AE0638C47}
		{502DBB36-1F68-4B8B-9B44-FCA9071373A5} = {852B7EA1-0E33-4EAA-8F30-E2B4C05B5F7E}
		{65A2327A-D9BD-4AE4-A15A-33C4BD7114DA} = {502DBB36-1F68-4B8B-9B44-FCA9071373A5}
		{5FE88318-49FD-48F1-8377-06CF5A0C8716} = {502DBB36-1F68-4B8B-9B44-FCA9071373A5}
		{47626FA3-F429-4DD1-9B2F-26397C7C069E} = {852B7EA1-0E33-4EAA-8F30-E2B4C05B5F7E}
		{45310F0C-8C23-421F-83BB-194FA8A5209A} = {47626FA3-F429-4DD1-9B2F-26397C7C069E}
		{DE3E7AC8-F11E-438B-82AA-26832B5588A9} = {47626FA3-F429-4DD1-9B2F-26397C7C069E}
		{96D50CDD-FD16-42EC-8147-D23CA160A31C} = {852B7EA1-0E33-4EAA-8F30-E2B4C05B5F7E}
		{5B2C4904-F6C2-4F2F-96BE-0137E9D24532} = {96D50CDD-FD16-42EC-8147-D23CA160A31C}
		{2070BCCD-E97B-424C-A73B-6C032CEB9E15} = {96D50CDD-FD16-42EC-8147-D23CA160A31C}
		{D9D17DC3-87CA-47BF-9945-E88DD79A0DC4} = {852B7EA1-0E33-4EAA-8F30-E2B4C05B5F7E}
		{CB049239-6F7E-4004-B2CF-79B8F1004621} = {D9D17DC3-87CA-47BF-9945-E88DD79A0DC4}
	EndGlobalSection
	GlobalSection(ExtensibilityGlobals) = postSolution
		SolutionGuid = {908988AE-81AA-4E64-8D6A-30F9EB378F22}
	EndGlobalSection
EndGlobal
